
Microsoft Visual Studio Solution File, Format Version 12.00
# Visual Studio Version 17
VisualStudioVersion = 17.1.32228.430
MinimumVisualStudioVersion = 10.0.40219.1
Project("{FAE04EC0-301F-11D3-BF4B-00C04F79EFBC}") = "MoviesAPI", "MoviesAPI\MoviesAPI.csproj", "{01009C00-6528-47CF-B767-F0D3B72E382E}"
EndProject
Global
	GlobalSection(SolutionConfigurationPlatforms) = preSolution
		Debug|Any CPU = Debug|Any CPU
		Release|Any CPU = Release|Any CPU
	EndGlobalSection
	GlobalSection(ProjectConfigurationPlatforms) = postSolution
		{01009C00-6528-47CF-B767-F0D3B72E382E}.Debug|Any CPU.ActiveCfg = Debug|Any CPU
		{01009C00-6528-47CF-B767-F0D3B72E382E}.Debug|Any CPU.Build.0 = Debug|Any CPU
		{01009C00-6528-47CF-B767-F0D3B72E382E}.Release|Any CPU.ActiveCfg = Release|Any CPU
		{01009C00-6528-47CF-B767-F0D3B72E382E}.Release|Any CPU.Build.0 = Release|Any CPU
	EndGlobalSection
	GlobalSection(SolutionProperties) = preSolution
		HideSolutionNode = FALSE
	EndGlobalSection
	GlobalSection(ExtensibilityGlobals) = postSolution
		SolutionGuid = {D5752C4C-0DE0-44F0-A101-2D7DE308AF52}
	EndGlobalSection
EndGlobal
